// !$*UTF8*$!
{
	archiveVersion = 1;
	classes = {
	};
	objectVersion = 46;
	objects = {

/* Begin PBXBuildFile section */
		656C75001FED168500E21A4C /* XYOverlayerView.m in Sources */ = {isa = PBXBuildFile; fileRef = 656C74FF1FED168500E21A4C /* XYOverlayerView.m */; };
		65758CA91ED5B41600A7738D /* main.m in Sources */ = {isa = PBXBuildFile; fileRef = 65758CA81ED5B41600A7738D /* main.m */; };
		65758CAC1ED5B41600A7738D /* AppDelegate.m in Sources */ = {isa = PBXBuildFile; fileRef = 65758CAB1ED5B41600A7738D /* AppDelegate.m */; };
		65758CAF1ED5B41600A7738D /* ViewController.m in Sources */ = {isa = PBXBuildFile; fileRef = 65758CAE1ED5B41600A7738D /* ViewController.m */; };
		65758CB21ED5B41600A7738D /* Main.storyboard in Resources */ = {isa = PBXBuildFile; fileRef = 65758CB01ED5B41600A7738D /* Main.storyboard */; };
		65758CB41ED5B41600A7738D /* Assets.xcassets in Resources */ = {isa = PBXBuildFile; fileRef = 65758CB31ED5B41600A7738D /* Assets.xcassets */; };
		65758CB71ED5B41600A7738D /* LaunchScreen.storyboard in Resources */ = {isa = PBXBuildFile; fileRef = 65758CB51ED5B41600A7738D /* LaunchScreen.storyboard */; };
		657ED4101EDF35C30047D1F8 /* NSObject+Runtime.m in Sources */ = {isa = PBXBuildFile; fileRef = 657ED40F1EDF35C30047D1F8 /* NSObject+Runtime.m */; };
		6583DC531EDF293400D1F3B4 /* XYDebugCategory.m in Sources */ = {isa = PBXBuildFile; fileRef = 6583DC4B1EDF293400D1F3B4 /* XYDebugCategory.m */; };
		6583DC541EDF293400D1F3B4 /* XYDebugCloneView.m in Sources */ = {isa = PBXBuildFile; fileRef = 6583DC4D1EDF293400D1F3B4 /* XYDebugCloneView.m */; };
		6583DC551EDF293400D1F3B4 /* XYDebugViewManager.m in Sources */ = {isa = PBXBuildFile; fileRef = 6583DC4F1EDF293400D1F3B4 /* XYDebugViewManager.m */; };
		6583DC561EDF293400D1F3B4 /* XYDebugWindow.m in Sources */ = {isa = PBXBuildFile; fileRef = 6583DC511EDF293400D1F3B4 /* XYDebugWindow.m */; };
		6583DC591EDF2AE400D1F3B4 /* UIWindow+Runtime.m in Sources */ = {isa = PBXBuildFile; fileRef = 6583DC581EDF2AE400D1F3B4 /* UIWindow+Runtime.m */; };
		65AB125D1FF3C0E0003A2553 /* XYOverlayerView.xib in Resources */ = {isa = PBXBuildFile; fileRef = 65AB125A1FF3C0DF003A2553 /* XYOverlayerView.xib */; };
		65AB125E1FF3C0E0003A2553 /* reset.png in Resources */ = {isa = PBXBuildFile; fileRef = 65AB125B1FF3C0DF003A2553 /* reset.png */; };
		65AB125F1FF3C0E0003A2553 /* filter.png in Resources */ = {isa = PBXBuildFile; fileRef = 65AB125C1FF3C0DF003A2553 /* filter.png */; };
		DB098A6A21ECE2CE0003B5AD /* MethodListController.m in Sources */ = {isa = PBXBuildFile; fileRef = DB098A6821ECE2CE0003B5AD /* MethodListController.m */; };
		DBC347AF21DCF17900B414E3 /* XYViewNode.m in Sources */ = {isa = PBXBuildFile; fileRef = DBC347AE21DCF17900B414E3 /* XYViewNode.m */; };
		DBC347B321DCF2C700B414E3 /* XYDebugNodeCell.m in Sources */ = {isa = PBXBuildFile; fileRef = DBC347B121DCF2C700B414E3 /* XYDebugNodeCell.m */; };
		DBC347B721DCFD0500B414E3 /* XYDebugTreeController.m in Sources */ = {isa = PBXBuildFile; fileRef = DBC347B621DCFD0500B414E3 /* XYDebugTreeController.m */; };
		DBC347BA21DD094200B414E3 /* TreeIndexView.m in Sources */ = {isa = PBXBuildFile; fileRef = DBC347B921DD094100B414E3 /* TreeIndexView.m */; };
		F42F7918F9077D132C143A18 /* Pods_XYDebugView.framework in Frameworks */ = {isa = PBXBuildFile; fileRef = 7F2EA54D44079C80A357A0FF /* Pods_XYDebugView.framework */; };
/* End PBXBuildFile section */

/* Begin PBXFileReference section */
		656C74FE1FED168500E21A4C /* XYOverlayerView.h */ = {isa = PBXFileReference; lastKnownFileType = sourcecode.c.h; path = XYOverlayerView.h; sourceTree = "<group>"; };
		656C74FF1FED168500E21A4C /* XYOverlayerView.m */ = {isa = PBXFileReference; lastKnownFileType = sourcecode.c.objc; path = XYOverlayerView.m; sourceTree = "<group>"; };
		65758CA41ED5B41600A7738D /* XYDebugView.app */ = {isa = PBXFileReference; explicitFileType = wrapper.application; includeInIndex = 0; path = XYDebugView.app; sourceTree = BUILT_PRODUCTS_DIR; };
		65758CA81ED5B41600A7738D /* main.m */ = {isa = PBXFileReference; lastKnownFileType = sourcecode.c.objc; path = main.m; sourceTree = "<group>"; };
		65758CAA1ED5B41600A7738D /* AppDelegate.h */ = {isa = PBXFileReference; lastKnownFileType = sourcecode.c.h; path = AppDelegate.h; sourceTree = "<group>"; };
		65758CAB1ED5B41600A7738D /* AppDelegate.m */ = {isa = PBXFileReference; lastKnownFileType = sourcecode.c.objc; path = AppDelegate.m; sourceTree = "<group>"; };
		65758CAD1ED5B41600A7738D /* ViewController.h */ = {isa = PBXFileReference; lastKnownFileType = sourcecode.c.h; path = ViewController.h; sourceTree = "<group>"; };
		65758CAE1ED5B41600A7738D /* ViewController.m */ = {isa = PBXFileReference; lastKnownFileType = sourcecode.c.objc; path = ViewController.m; sourceTree = "<group>"; };
		65758CB11ED5B41600A7738D /* Base */ = {isa = PBXFileReference; lastKnownFileType = file.storyboard; name = Base; path = Base.lproj/Main.storyboard; sourceTree = "<group>"; };
		65758CB31ED5B41600A7738D /* Assets.xcassets */ = {isa = PBXFileReference; lastKnownFileType = folder.assetcatalog; path = Assets.xcassets; sourceTree = "<group>"; };
		65758CB61ED5B41600A7738D /* Base */ = {isa = PBXFileReference; lastKnownFileType = file.storyboard; name = Base; path = Base.lproj/LaunchScreen.storyboard; sourceTree = "<group>"; };
		65758CB81ED5B41600A7738D /* Info.plist */ = {isa = PBXFileReference; lastKnownFileType = text.plist.xml; path = Info.plist; sourceTree = "<group>"; };
		657ED40E1EDF35C30047D1F8 /* NSObject+Runtime.h */ = {isa = PBXFileReference; fileEncoding = 4; lastKnownFileType = sourcecode.c.h; path = "NSObject+Runtime.h"; sourceTree = "<group>"; };
		657ED40F1EDF35C30047D1F8 /* NSObject+Runtime.m */ = {isa = PBXFileReference; fileEncoding = 4; lastKnownFileType = sourcecode.c.objc; path = "NSObject+Runtime.m"; sourceTree = "<group>"; };
		6583DC4A1EDF293400D1F3B4 /* XYDebugCategory.h */ = {isa = PBXFileReference; fileEncoding = 4; lastKnownFileType = sourcecode.c.h; path = XYDebugCategory.h; sourceTree = "<group>"; };
		6583DC4B1EDF293400D1F3B4 /* XYDebugCategory.m */ = {isa = PBXFileReference; fileEncoding = 4; lastKnownFileType = sourcecode.c.objc; path = XYDebugCategory.m; sourceTree = "<group>"; };
		6583DC4C1EDF293400D1F3B4 /* XYDebugCloneView.h */ = {isa = PBXFileReference; fileEncoding = 4; lastKnownFileType = sourcecode.c.h; path = XYDebugCloneView.h; sourceTree = "<group>"; };
		6583DC4D1EDF293400D1F3B4 /* XYDebugCloneView.m */ = {isa = PBXFileReference; fileEncoding = 4; lastKnownFileType = sourcecode.c.objc; path = XYDebugCloneView.m; sourceTree = "<group>"; };
		6583DC4E1EDF293400D1F3B4 /* XYDebugViewManager.h */ = {isa = PBXFileReference; fileEncoding = 4; lastKnownFileType = sourcecode.c.h; path = XYDebugViewManager.h; sourceTree = "<group>"; };
		6583DC4F1EDF293400D1F3B4 /* XYDebugViewManager.m */ = {isa = PBXFileReference; fileEncoding = 4; lastKnownFileType = sourcecode.c.objc; path = XYDebugViewManager.m; sourceTree = "<group>"; };
		6583DC501EDF293400D1F3B4 /* XYDebugWindow.h */ = {isa = PBXFileReference; fileEncoding = 4; lastKnownFileType = sourcecode.c.h; path = XYDebugWindow.h; sourceTree = "<group>"; };
		6583DC511EDF293400D1F3B4 /* XYDebugWindow.m */ = {isa = PBXFileReference; fileEncoding = 4; lastKnownFileType = sourcecode.c.objc; path = XYDebugWindow.m; sourceTree = "<group>"; };
		6583DC571EDF2AE400D1F3B4 /* UIWindow+Runtime.h */ = {isa = PBXFileReference; fileEncoding = 4; lastKnownFileType = sourcecode.c.h; path = "UIWindow+Runtime.h"; sourceTree = "<group>"; };
		6583DC581EDF2AE400D1F3B4 /* UIWindow+Runtime.m */ = {isa = PBXFileReference; fileEncoding = 4; lastKnownFileType = sourcecode.c.objc; path = "UIWindow+Runtime.m"; sourceTree = "<group>"; };
		65AB125A1FF3C0DF003A2553 /* XYOverlayerView.xib */ = {isa = PBXFileReference; fileEncoding = 4; lastKnownFileType = file.xib; path = XYOverlayerView.xib; sourceTree = "<group>"; };
		65AB125B1FF3C0DF003A2553 /* reset.png */ = {isa = PBXFileReference; lastKnownFileType = image.png; path = reset.png; sourceTree = "<group>"; };
		65AB125C1FF3C0DF003A2553 /* filter.png */ = {isa = PBXFileReference; lastKnownFileType = image.png; path = filter.png; sourceTree = "<group>"; };
		65AB12601FF3D200003A2553 /* XYdebugConst.h */ = {isa = PBXFileReference; lastKnownFileType = sourcecode.c.h; path = XYdebugConst.h; sourceTree = "<group>"; };
		7F2EA54D44079C80A357A0FF /* Pods_XYDebugView.framework */ = {isa = PBXFileReference; explicitFileType = wrapper.framework; includeInIndex = 0; path = Pods_XYDebugView.framework; sourceTree = BUILT_PRODUCTS_DIR; };
		B2DE005133616843BDEAF6F6 /* Pods-XYDebugView.release.xcconfig */ = {isa = PBXFileReference; includeInIndex = 1; lastKnownFileType = text.xcconfig; name = "Pods-XYDebugView.release.xcconfig"; path = "Pods/Target Support Files/Pods-XYDebugView/Pods-XYDebugView.release.xcconfig"; sourceTree = "<group>"; };
		DB098A6721ECE2CE0003B5AD /* MethodListController.h */ = {isa = PBXFileReference; lastKnownFileType = sourcecode.c.h; path = MethodListController.h; sourceTree = "<group>"; };
		DB098A6821ECE2CE0003B5AD /* MethodListController.m */ = {isa = PBXFileReference; lastKnownFileType = sourcecode.c.objc; path = MethodListController.m; sourceTree = "<group>"; };
		DBC347AD21DCF17900B414E3 /* XYViewNode.h */ = {isa = PBXFileReference; lastKnownFileType = sourcecode.c.h; path = XYViewNode.h; sourceTree = "<group>"; };
		DBC347AE21DCF17900B414E3 /* XYViewNode.m */ = {isa = PBXFileReference; lastKnownFileType = sourcecode.c.objc; path = XYViewNode.m; sourceTree = "<group>"; };
		DBC347B021DCF2C700B414E3 /* XYDebugNodeCell.h */ = {isa = PBXFileReference; lastKnownFileType = sourcecode.c.h; path = XYDebugNodeCell.h; sourceTree = "<group>"; };
		DBC347B121DCF2C700B414E3 /* XYDebugNodeCell.m */ = {isa = PBXFileReference; lastKnownFileType = sourcecode.c.objc; path = XYDebugNodeCell.m; sourceTree = "<group>"; };
		DBC347B521DCFD0500B414E3 /* XYDebugTreeController.h */ = {isa = PBXFileReference; lastKnownFileType = sourcecode.c.h; path = XYDebugTreeController.h; sourceTree = "<group>"; };
		DBC347B621DCFD0500B414E3 /* XYDebugTreeController.m */ = {isa = PBXFileReference; lastKnownFileType = sourcecode.c.objc; path = XYDebugTreeController.m; sourceTree = "<group>"; };
		DBC347B821DD094100B414E3 /* TreeIndexView.h */ = {isa = PBXFileReference; lastKnownFileType = sourcecode.c.h; path = TreeIndexView.h; sourceTree = "<group>"; };
		DBC347B921DD094100B414E3 /* TreeIndexView.m */ = {isa = PBXFileReference; lastKnownFileType = sourcecode.c.objc; path = TreeIndexView.m; sourceTree = "<group>"; };
		E8DD6F7D0E917ADD00EBC4FC /* Pods-XYDebugView.debug.xcconfig */ = {isa = PBXFileReference; includeInIndex = 1; lastKnownFileType = text.xcconfig; name = "Pods-XYDebugView.debug.xcconfig"; path = "Pods/Target Support Files/Pods-XYDebugView/Pods-XYDebugView.debug.xcconfig"; sourceTree = "<group>"; };
/* End PBXFileReference section */

/* Begin PBXFrameworksBuildPhase section */
		65758CA11ED5B41600A7738D /* Frameworks */ = {
			isa = PBXFrameworksBuildPhase;
			buildActionMask = 2147483647;
			files = (
				F42F7918F9077D132C143A18 /* Pods_XYDebugView.framework in Frameworks */,
			);
			runOnlyForDeploymentPostprocessing = 0;
		};
/* End PBXFrameworksBuildPhase section */

/* Begin PBXGroup section */
		3C567E81F63FF442AE01A0DC /* Pods */ = {
			isa = PBXGroup;
			children = (
				E8DD6F7D0E917ADD00EBC4FC /* Pods-XYDebugView.debug.xcconfig */,
				B2DE005133616843BDEAF6F6 /* Pods-XYDebugView.release.xcconfig */,
			);
			name = Pods;
			sourceTree = "<group>";
		};
		65758C9B1ED5B41600A7738D = {
			isa = PBXGroup;
			children = (
				65758CA61ED5B41600A7738D /* XYDebugView */,
				65758CA51ED5B41600A7738D /* Products */,
				3C567E81F63FF442AE01A0DC /* Pods */,
				A22F45403A9B4FE37D0BCC99 /* Frameworks */,
			);
			sourceTree = "<group>";
		};
		65758CA51ED5B41600A7738D /* Products */ = {
			isa = PBXGroup;
			children = (
				65758CA41ED5B41600A7738D /* XYDebugView.app */,
			);
			name = Products;
			sourceTree = "<group>";
		};
		65758CA61ED5B41600A7738D /* XYDebugView */ = {
			isa = PBXGroup;
			children = (
				6583DC471EDF293400D1F3B4 /* Class */,
				65758CAA1ED5B41600A7738D /* AppDelegate.h */,
				65758CAB1ED5B41600A7738D /* AppDelegate.m */,
				65758CAD1ED5B41600A7738D /* ViewController.h */,
				65758CAE1ED5B41600A7738D /* ViewController.m */,
				657ED40E1EDF35C30047D1F8 /* NSObject+Runtime.h */,
				657ED40F1EDF35C30047D1F8 /* NSObject+Runtime.m */,
				6583DC571EDF2AE400D1F3B4 /* UIWindow+Runtime.h */,
				6583DC581EDF2AE400D1F3B4 /* UIWindow+Runtime.m */,
				65758CB01ED5B41600A7738D /* Main.storyboard */,
				65758CB31ED5B41600A7738D /* Assets.xcassets */,
				65758CB51ED5B41600A7738D /* LaunchScreen.storyboard */,
				65758CB81ED5B41600A7738D /* Info.plist */,
				65758CA71ED5B41600A7738D /* Supporting Files */,
			);
			path = XYDebugView;
			sourceTree = "<group>";
		};
		65758CA71ED5B41600A7738D /* Supporting Files */ = {
			isa = PBXGroup;
			children = (
				65758CA81ED5B41600A7738D /* main.m */,
			);
			name = "Supporting Files";
			sourceTree = "<group>";
		};
		6583DC471EDF293400D1F3B4 /* Class */ = {
			isa = PBXGroup;
			children = (
				DBC347AC21DCEB7D00B414E3 /* tree */,
				65AB12591FF3C0DF003A2553 /* resource */,
				65AB12601FF3D200003A2553 /* XYdebugConst.h */,
				6583DC4A1EDF293400D1F3B4 /* XYDebugCategory.h */,
				6583DC4B1EDF293400D1F3B4 /* XYDebugCategory.m */,
				6583DC4C1EDF293400D1F3B4 /* XYDebugCloneView.h */,
				6583DC4D1EDF293400D1F3B4 /* XYDebugCloneView.m */,
				6583DC4E1EDF293400D1F3B4 /* XYDebugViewManager.h */,
				6583DC4F1EDF293400D1F3B4 /* XYDebugViewManager.m */,
				6583DC501EDF293400D1F3B4 /* XYDebugWindow.h */,
				6583DC511EDF293400D1F3B4 /* XYDebugWindow.m */,
				656C74FE1FED168500E21A4C /* XYOverlayerView.h */,
				656C74FF1FED168500E21A4C /* XYOverlayerView.m */,
			);
			name = Class;
			path = ../../XYDebugView;
			sourceTree = "<group>";
		};
		65AB12591FF3C0DF003A2553 /* resource */ = {
			isa = PBXGroup;
			children = (
				65AB125A1FF3C0DF003A2553 /* XYOverlayerView.xib */,
				65AB125B1FF3C0DF003A2553 /* reset.png */,
				65AB125C1FF3C0DF003A2553 /* filter.png */,
			);
			path = resource;
			sourceTree = "<group>";
		};
		A22F45403A9B4FE37D0BCC99 /* Frameworks */ = {
			isa = PBXGroup;
			children = (
				7F2EA54D44079C80A357A0FF /* Pods_XYDebugView.framework */,
			);
			name = Frameworks;
			sourceTree = "<group>";
		};
		DBC347AC21DCEB7D00B414E3 /* tree */ = {
			isa = PBXGroup;
			children = (
				DBC347AD21DCF17900B414E3 /* XYViewNode.h */,
				DBC347AE21DCF17900B414E3 /* XYViewNode.m */,
				DBC347B021DCF2C700B414E3 /* XYDebugNodeCell.h */,
				DBC347B121DCF2C700B414E3 /* XYDebugNodeCell.m */,
				DBC347B521DCFD0500B414E3 /* XYDebugTreeController.h */,
				DBC347B621DCFD0500B414E3 /* XYDebugTreeController.m */,
				DB098A6721ECE2CE0003B5AD /* MethodListController.h */,
				DB098A6821ECE2CE0003B5AD /* MethodListController.m */,
				DBC347B821DD094100B414E3 /* TreeIndexView.h */,
				DBC347B921DD094100B414E3 /* TreeIndexView.m */,
			);
			path = tree;
			sourceTree = "<group>";
		};
/* End PBXGroup section */

/* Begin PBXNativeTarget section */
		65758CA31ED5B41600A7738D /* XYDebugView */ = {
			isa = PBXNativeTarget;
			buildConfigurationList = 65758CBB1ED5B41600A7738D /* Build configuration list for PBXNativeTarget "XYDebugView" */;
			buildPhases = (
				8872033D94E64BB743682EF0 /* [CP] Check Pods Manifest.lock */,
				65758CA01ED5B41600A7738D /* Sources */,
				65758CA11ED5B41600A7738D /* Frameworks */,
				65758CA21ED5B41600A7738D /* Resources */,
				80CD36433CE2E5F6588FC21E /* [CP] Embed Pods Frameworks */,
				BF3755F1054640B09581C325 /* [CP] Copy Pods Resources */,
			);
			buildRules = (
			);
			dependencies = (
			);
			name = XYDebugView;
			productName = XYDebugView;
			productReference = 65758CA41ED5B41600A7738D /* XYDebugView.app */;
			productType = "com.apple.product-type.application";
		};
/* End PBXNativeTarget section */

/* Begin PBXProject section */
		65758C9C1ED5B41600A7738D /* Project object */ = {
			isa = PBXProject;
			attributes = {
				LastUpgradeCheck = 1010;
				ORGANIZATIONNAME = XcodeYang;
				TargetAttributes = {
					65758CA31ED5B41600A7738D = {
						CreatedOnToolsVersion = 8.3.2;
						DevelopmentTeam = 34768TZSZ3;
						ProvisioningStyle = Automatic;
					};
				};
			};
			buildConfigurationList = 65758C9F1ED5B41600A7738D /* Build configuration list for PBXProject "XYDebugView" */;
			compatibilityVersion = "Xcode 3.2";
			developmentRegion = English;
			hasScannedForEncodings = 0;
			knownRegions = (
				en,
				Base,
			);
			mainGroup = 65758C9B1ED5B41600A7738D;
			productRefGroup = 65758CA51ED5B41600A7738D /* Products */;
			projectDirPath = "";
			projectRoot = "";
			targets = (
				65758CA31ED5B41600A7738D /* XYDebugView */,
			);
		};
/* End PBXProject section */

/* Begin PBXResourcesBuildPhase section */
		65758CA21ED5B41600A7738D /* Resources */ = {
			isa = PBXResourcesBuildPhase;
			buildActionMask = 2147483647;
			files = (
				65758CB71ED5B41600A7738D /* LaunchScreen.storyboard in Resources */,
				65AB125E1FF3C0E0003A2553 /* reset.png in Resources */,
				65AB125F1FF3C0E0003A2553 /* filter.png in Resources */,
				65758CB41ED5B41600A7738D /* Assets.xcassets in Resources */,
				65758CB21ED5B41600A7738D /* Main.storyboard in Resources */,
				65AB125D1FF3C0E0003A2553 /* XYOverlayerView.xib in Resources */,
			);
			runOnlyForDeploymentPostprocessing = 0;
		};
/* End PBXResourcesBuildPhase section */

/* Begin PBXShellScriptBuildPhase section */
		80CD36433CE2E5F6588FC21E /* [CP] Embed Pods Frameworks */ = {
			isa = PBXShellScriptBuildPhase;
			buildActionMask = 2147483647;
			files = (
			);
			inputPaths = (
			);
			name = "[CP] Embed Pods Frameworks";
			outputPaths = (
			);
			runOnlyForDeploymentPostprocessing = 0;
			shellPath = /bin/sh;
			shellScript = "\"${SRCROOT}/Pods/Target Support Files/Pods-XYDebugView/Pods-XYDebugView-frameworks.sh\"\n";
			showEnvVarsInLog = 0;
		};
		8872033D94E64BB743682EF0 /* [CP] Check Pods Manifest.lock */ = {
			isa = PBXShellScriptBuildPhase;
			buildActionMask = 2147483647;
			files = (
			);
			inputPaths = (
			);
			name = "[CP] Check Pods Manifest.lock";
			outputPaths = (
			);
			runOnlyForDeploymentPostprocessing = 0;
			shellPath = /bin/sh;
			shellScript = "diff \"${PODS_ROOT}/../Podfile.lock\" \"${PODS_ROOT}/Manifest.lock\" > /dev/null\nif [ $? != 0 ] ; then\n    # print error to STDERR\n    echo \"error: The sandbox is not in sync with the Podfile.lock. Run 'pod install' or update your CocoaPods installation.\" >&2\n    exit 1\nfi\n";
			showEnvVarsInLog = 0;
		};
		BF3755F1054640B09581C325 /* [CP] Copy Pods Resources */ = {
			isa = PBXShellScriptBuildPhase;
			buildActionMask = 2147483647;
			files = (
			);
			inputPaths = (
			);
			name = "[CP] Copy Pods Resources";
			outputPaths = (
			);
			runOnlyForDeploymentPostprocessing = 0;
			shellPath = /bin/sh;
			shellScript = "\"${SRCROOT}/Pods/Target Support Files/Pods-XYDebugView/Pods-XYDebugView-resources.sh\"\n";
			showEnvVarsInLog = 0;
		};
/* End PBXShellScriptBuildPhase section */

/* Begin PBXSourcesBuildPhase section */
		65758CA01ED5B41600A7738D /* Sources */ = {
			isa = PBXSourcesBuildPhase;
			buildActionMask = 2147483647;
			files = (
				65758CAF1ED5B41600A7738D /* ViewController.m in Sources */,
				6583DC551EDF293400D1F3B4 /* XYDebugViewManager.m in Sources */,
				6583DC561EDF293400D1F3B4 /* XYDebugWindow.m in Sources */,
				65758CAC1ED5B41600A7738D /* AppDelegate.m in Sources */,
				DBC347AF21DCF17900B414E3 /* XYViewNode.m in Sources */,
				65758CA91ED5B41600A7738D /* main.m in Sources */,
				DB098A6A21ECE2CE0003B5AD /* MethodListController.m in Sources */,
				6583DC531EDF293400D1F3B4 /* XYDebugCategory.m in Sources */,
				DBC347BA21DD094200B414E3 /* TreeIndexView.m in Sources */,
				657ED4101EDF35C30047D1F8 /* NSObject+Runtime.m in Sources */,
				6583DC591EDF2AE400D1F3B4 /* UIWindow+Runtime.m in Sources */,
				DBC347B721DCFD0500B414E3 /* XYDebugTreeController.m in Sources */,
				6583DC541EDF293400D1F3B4 /* XYDebugCloneView.m in Sources */,
				DBC347B321DCF2C700B414E3 /* XYDebugNodeCell.m in Sources */,
				656C75001FED168500E21A4C /* XYOverlayerView.m in Sources */,
			);
			runOnlyForDeploymentPostprocessing = 0;
		};
/* End PBXSourcesBuildPhase section */

/* Begin PBXVariantGroup section */
		65758CB01ED5B41600A7738D /* Main.storyboard */ = {
			isa = PBXVariantGroup;
			children = (
				65758CB11ED5B41600A7738D /* Base */,
			);
			name = Main.storyboard;
			sourceTree = "<group>";
		};
		65758CB51ED5B41600A7738D /* LaunchScreen.storyboard */ = {
			isa = PBXVariantGroup;
			children = (
				65758CB61ED5B41600A7738D /* Base */,
			);
			name = LaunchScreen.storyboard;
			sourceTree = "<group>";
		};
/* End PBXVariantGroup section */

/* Begin XCBuildConfiguration section */
		65758CB91ED5B41600A7738D /* Debug */ = {
			isa = XCBuildConfiguration;
			buildSettings = {
				ALWAYS_SEARCH_USER_PATHS = NO;
				CLANG_ANALYZER_NONNULL = YES;
				CLANG_ANALYZER_NUMBER_OBJECT_CONVERSION = YES_AGGRESSIVE;
				CLANG_CXX_LANGUAGE_STANDARD = "gnu++0x";
				CLANG_CXX_LIBRARY = "libc++";
				CLANG_ENABLE_MODULES = YES;
				CLANG_ENABLE_OBJC_ARC = YES;
				CLANG_WARN_BLOCK_CAPTURE_AUTORELEASING = YES;
				CLANG_WARN_BOOL_CONVERSION = YES;
				CLANG_WARN_COMMA = YES;
				CLANG_WARN_CONSTANT_CONVERSION = YES;
				CLANG_WARN_DEPRECATED_OBJC_IMPLEMENTATIONS = YES;
				CLANG_WARN_DIRECT_OBJC_ISA_USAGE = YES_ERROR;
				CLANG_WARN_DOCUMENTATION_COMMENTS = YES;
				CLANG_WARN_EMPTY_BODY = YES;
				CLANG_WARN_ENUM_CONVERSION = YES;
				CLANG_WARN_INFINITE_RECURSION = YES;
				CLANG_WARN_INT_CONVERSION = YES;
				CLANG_WARN_NON_LITERAL_NULL_CONVERSION = YES;
				CLANG_WARN_OBJC_IMPLICIT_RETAIN_SELF = YES;
				CLANG_WARN_OBJC_LITERAL_CONVERSION = YES;
				CLANG_WARN_OBJC_ROOT_CLASS = YES_ERROR;
				CLANG_WARN_RANGE_LOOP_ANALYSIS = YES;
				CLANG_WARN_STRICT_PROTOTYPES = YES;
				CLANG_WARN_SUSPICIOUS_MOVE = YES;
				CLANG_WARN_UNREACHABLE_CODE = YES;
				CLANG_WARN__DUPLICATE_METHOD_MATCH = YES;
				"CODE_SIGN_IDENTITY[sdk=iphoneos*]" = "iPhone Developer";
				COPY_PHASE_STRIP = NO;
				DEBUG_INFORMATION_FORMAT = dwarf;
				ENABLE_STRICT_OBJC_MSGSEND = YES;
				ENABLE_TESTABILITY = YES;
				GCC_C_LANGUAGE_STANDARD = gnu99;
				GCC_DYNAMIC_NO_PIC = NO;
				GCC_NO_COMMON_BLOCKS = YES;
				GCC_OPTIMIZATION_LEVEL = 0;
				GCC_PREPROCESSOR_DEFINITIONS = (
					"DEBUG=1",
					"$(inherited)",
				);
				GCC_WARN_64_TO_32_BIT_CONVERSION = YES;
				GCC_WARN_ABOUT_RETURN_TYPE = YES_ERROR;
				GCC_WARN_UNDECLARED_SELECTOR = YES;
				GCC_WARN_UNINITIALIZED_AUTOS = YES_AGGRESSIVE;
				GCC_WARN_UNUSED_FUNCTION = YES;
				GCC_WARN_UNUSED_VARIABLE = YES;
				IPHONEOS_DEPLOYMENT_TARGET = 10.3;
				MTL_ENABLE_DEBUG_INFO = YES;
				ONLY_ACTIVE_ARCH = YES;
				SDKROOT = iphoneos;
				TARGETED_DEVICE_FAMILY = "1,2";
			};
			name = Debug;
		};
		65758CBA1ED5B41600A7738D /* Release */ = {
			isa = XCBuildConfiguration;
			buildSettings = {
				ALWAYS_SEARCH_USER_PATHS = NO;
				CLANG_ANALYZER_NONNULL = YES;
				CLANG_ANALYZER_NUMBER_OBJECT_CONVERSION = YES_AGGRESSIVE;
				CLANG_CXX_LANGUAGE_STANDARD = "gnu++0x";
				CLANG_CXX_LIBRARY = "libc++";
				CLANG_ENABLE_MODULES = YES;
				CLANG_ENABLE_OBJC_ARC = YES;
				CLANG_WARN_BLOCK_CAPTURE_AUTORELEASING = YES;
				CLANG_WARN_BOOL_CONVERSION = YES;
				CLANG_WARN_COMMA = YES;
				CLANG_WARN_CONSTANT_CONVERSION = YES;
				CLANG_WARN_DEPRECATED_OBJC_IMPLEMENTATIONS = YES;
				CLANG_WARN_DIRECT_OBJC_ISA_USAGE = YES_ERROR;
				CLANG_WARN_DOCUMENTATION_COMMENTS = YES;
				CLANG_WARN_EMPTY_BODY = YES;
				CLANG_WARN_ENUM_CONVERSION = YES;
				CLANG_WARN_INFINITE_RECURSION = YES;
				CLANG_WARN_INT_CONVERSION = YES;
				CLANG_WARN_NON_LITERAL_NULL_CONVERSION = YES;
				CLANG_WARN_OBJC_IMPLICIT_RETAIN_SELF = YES;
				CLANG_WARN_OBJC_LITERAL_CONVERSION = YES;
				CLANG_WARN_OBJC_ROOT_CLASS = YES_ERROR;
				CLANG_WARN_RANGE_LOOP_ANALYSIS = YES;
				CLANG_WARN_STRICT_PROTOTYPES = YES;
				CLANG_WARN_SUSPICIOUS_MOVE = YES;
				CLANG_WARN_UNREACHABLE_CODE = YES;
				CLANG_WARN__DUPLICATE_METHOD_MATCH = YES;
				"CODE_SIGN_IDENTITY[sdk=iphoneos*]" = "iPhone Developer";
				COPY_PHASE_STRIP = NO;
				DEBUG_INFORMATION_FORMAT = "dwarf-with-dsym";
				ENABLE_NS_ASSERTIONS = NO;
				ENABLE_STRICT_OBJC_MSGSEND = YES;
				GCC_C_LANGUAGE_STANDARD = gnu99;
				GCC_NO_COMMON_BLOCKS = YES;
				GCC_WARN_64_TO_32_BIT_CONVERSION = YES;
				GCC_WARN_ABOUT_RETURN_TYPE = YES_ERROR;
				GCC_WARN_UNDECLARED_SELECTOR = YES;
				GCC_WARN_UNINITIALIZED_AUTOS = YES_AGGRESSIVE;
				GCC_WARN_UNUSED_FUNCTION = YES;
				GCC_WARN_UNUSED_VARIABLE = YES;
				IPHONEOS_DEPLOYMENT_TARGET = 10.3;
				MTL_ENABLE_DEBUG_INFO = NO;
				SDKROOT = iphoneos;
				TARGETED_DEVICE_FAMILY = "1,2";
				VALIDATE_PRODUCT = YES;
			};
			name = Release;
		};
		65758CBC1ED5B41600A7738D /* Debug */ = {
			isa = XCBuildConfiguration;
			baseConfigurationReference = E8DD6F7D0E917ADD00EBC4FC /* Pods-XYDebugView.debug.xcconfig */;
			buildSettings = {
				ASSETCATALOG_COMPILER_APPICON_NAME = AppIcon;
				CODE_SIGN_IDENTITY = "iPhone Developer";
				CODE_SIGN_STYLE = Automatic;
				DEVELOPMENT_TEAM = 34768TZSZ3;
				INFOPLIST_FILE = XYDebugView/Info.plist;
				IPHONEOS_DEPLOYMENT_TARGET = 8.0;
				LD_RUNPATH_SEARCH_PATHS = "$(inherited) @executable_path/Frameworks";
				PRODUCT_BUNDLE_IDENTIFIER = xcodeyang.XYDebugView;
				PRODUCT_NAME = "$(TARGET_NAME)";
				PROVISIONING_PROFILE = "";
				PROVISIONING_PROFILE_SPECIFIER = "";
			};
			name = Debug;
		};
		65758CBD1ED5B41600A7738D /* Release */ = {
			isa = XCBuildConfiguration;
			baseConfigurationReference = B2DE005133616843BDEAF6F6 /* Pods-XYDebugView.release.xcconfig */;
			buildSettings = {
				ASSETCATALOG_COMPILER_APPICON_NAME = AppIcon;
				CODE_SIGN_IDENTITY = "iPhone Developer";
				CODE_SIGN_STYLE = Automatic;
				DEVELOPMENT_TEAM = 34768TZSZ3;
				INFOPLIST_FILE = XYDebugView/Info.plist;
				IPHONEOS_DEPLOYMENT_TARGET = 8.0;
				LD_RUNPATH_SEARCH_PATHS = "$(inherited) @executable_path/Frameworks";
				PRODUCT_BUNDLE_IDENTIFIER = xcodeyang.XYDebugView;
				PRODUCT_NAME = "$(TARGET_NAME)";
				PROVISIONING_PROFILE = "";
				PROVISIONING_PROFILE_SPECIFIER = "";
			};
			name = Release;
		};
/* End XCBuildConfiguration section */

/* Begin XCConfigurationList section */
		65758C9F1ED5B41600A7738D /* Build configuration list for PBXProject "XYDebugView" */ = {
			isa = XCConfigurationList;
			buildConfigurations = (
				65758CB91ED5B41600A7738D /* Debug */,
				65758CBA1ED5B41600A7738D /* Release */,
			);
			defaultConfigurationIsVisible = 0;
			defaultConfigurationName = Release;
		};
		65758CBB1ED5B41600A7738D /* Build configuration list for PBXNativeTarget "XYDebugView" */ = {
			isa = XCConfigurationList;
			buildConfigurations = (
				65758CBC1ED5B41600A7738D /* Debug */,
				65758CBD1ED5B41600A7738D /* Release */,
			);
			defaultConfigurationIsVisible = 0;
			defaultConfigurationName = Release;
		};
/* End XCConfigurationList section */
	};
	rootObject = 65758C9C1ED5B41600A7738D /* Project object */;
}
